
Microsoft Visual Studio Solution File, Format Version 12.00
# Visual Studio Version 17
VisualStudioVersion = 17.2.32630.192
MinimumVisualStudioVersion = 10.0.40219.1
Project("{9A19103F-16F7-4668-BE54-9A1E7A4F7556}") = "MicroIhale.Products", "MicroIhale.Products\MicroIhale.Products.csproj", "{261D94A8-DD8F-472F-B86C-7CB3A9BFB66E}"
EndProject
Project("{2150E333-8FDC-42A3-9474-1A3956D46DE8}") = "Products", "Products", "{845713DA-C21A-4F2C-BD64-13CA67D94506}"
EndProject
Project("{2150E333-8FDC-42A3-9474-1A3956D46DE8}") = "src", "src", "{C6CCB085-C084-45A7-8F26-9D29D5DD2ABD}"
EndProject
Project("{2150E333-8FDC-42A3-9474-1A3956D46DE8}") = "ApiGateway", "ApiGateway", "{C3CD8A2B-0E5E-43FC-85C3-EDCA2F728C68}"
EndProject
Project("{2150E333-8FDC-42A3-9474-1A3956D46DE8}") = "Services", "Services", "{5A341A34-B7D1-4ECA-BAD5-C6414C769665}"
EndProject
Project("{2150E333-8FDC-42A3-9474-1A3956D46DE8}") = "WebApp", "WebApp", "{448C939E-BE62-4CD1-92AA-7D08227DB9EB}"
EndProject
Project("{2150E333-8FDC-42A3-9474-1A3956D46DE8}") = "Common", "Common", "{81E56427-A7D8-48A9-9DF5-30A5A05BBAB4}"
EndProject
Project("{2150E333-8FDC-42A3-9474-1A3956D46DE8}") = "Order", "Order", "{372D6595-0C80-40AC-BBD3-F8EEED57082E}"
EndProject
Project("{2150E333-8FDC-42A3-9474-1A3956D46DE8}") = "Sourcing", "Sourcing", "{709EACCA-FE47-4ADC-98A1-B7698A370D4D}"
EndProject
Project("{9A19103F-16F7-4668-BE54-9A1E7A4F7556}") = "MicroIhale.Sourcing", "MicroIhale.Sourcing\MicroIhale.Sourcing.csproj", "{A3961F8C-858A-40E5-AD4D-218E1964AC74}"
EndProject
Project("{E53339B2-1760-4266-BCC7-CA923CBCF16C}") = "docker-compose", "docker-compose.dcproj", "{79C347BC-9A70-433A-9210-0CFA855D5877}"
EndProject
Project("{9A19103F-16F7-4668-BE54-9A1E7A4F7556}") = "EventBusRabbitMQ", "EventBusRabbitMQ\EventBusRabbitMQ.csproj", "{4E8D25E3-3630-47D8-9B0E-6BBCBF36AEAC}"
EndProject
Project("{9A19103F-16F7-4668-BE54-9A1E7A4F7556}") = "MicroIhale.Order", "MicroIhale.Order\MicroIhale.Order.csproj", "{DF63097D-3355-4F95-A4AA-DFCB897A23F2}"
EndProject
Project("{9A19103F-16F7-4668-BE54-9A1E7A4F7556}") = "Ordering.Domain", "Ordering.Domain\Ordering.Domain.csproj", "{2ADE8087-9C8E-4475-954A-711806F9345B}"
EndProject
Project("{9A19103F-16F7-4668-BE54-9A1E7A4F7556}") = "Ordering.Application", "Ordering.Application\Ordering.Application.csproj", "{E70A886F-827E-463A-8A47-74F3C228070B}"
EndProject
Project("{9A19103F-16F7-4668-BE54-9A1E7A4F7556}") = "Ordering.Infrastructure", "Ordering.Infrastructure\Ordering.Infrastructure.csproj", "{1F891D46-3E98-4EF1-876D-F01B524FA86E}"
EndProject
Project("{FAE04EC0-301F-11D3-BF4B-00C04F79EFBC}") = "MicroIhale.APIGateway", "MicroIhale.APIGateway\MicroIhale.APIGateway.csproj", "{142CDD9E-2482-4572-9629-C8AB0630C081}"
EndProject
Global
	GlobalSection(SolutionConfigurationPlatforms) = preSolution
		Debug|Any CPU = Debug|Any CPU
		Release|Any CPU = Release|Any CPU
	EndGlobalSection
	GlobalSection(ProjectConfigurationPlatforms) = postSolution
		{261D94A8-DD8F-472F-B86C-7CB3A9BFB66E}.Debug|Any CPU.ActiveCfg = Debug|Any CPU
		{261D94A8-DD8F-472F-B86C-7CB3A9BFB66E}.Debug|Any CPU.Build.0 = Debug|Any CPU
		{261D94A8-DD8F-472F-B86C-7CB3A9BFB66E}.Release|Any CPU.ActiveCfg = Release|Any CPU
		{261D94A8-DD8F-472F-B86C-7CB3A9BFB66E}.Release|Any CPU.Build.0 = Release|Any CPU
		{A3961F8C-858A-40E5-AD4D-218E1964AC74}.Debug|Any CPU.ActiveCfg = Debug|Any CPU
		{A3961F8C-858A-40E5-AD4D-218E1964AC74}.Debug|Any CPU.Build.0 = Debug|Any CPU
		{A3961F8C-858A-40E5-AD4D-218E1964AC74}.Release|Any CPU.ActiveCfg = Release|Any CPU
		{A3961F8C-858A-40E5-AD4D-218E1964AC74}.Release|Any CPU.Build.0 = Release|Any CPU
		{79C347BC-9A70-433A-9210-0CFA855D5877}.Debug|Any CPU.ActiveCfg = Debug|Any CPU
		{79C347BC-9A70-433A-9210-0CFA855D5877}.Debug|Any CPU.Build.0 = Debug|Any CPU
		{79C347BC-9A70-433A-9210-0CFA855D5877}.Release|Any CPU.ActiveCfg = Release|Any CPU
		{79C347BC-9A70-433A-9210-0CFA855D5877}.Release|Any CPU.Build.0 = Release|Any CPU
		{4E8D25E3-3630-47D8-9B0E-6BBCBF36AEAC}.Debug|Any CPU.ActiveCfg = Debug|Any CPU
		{4E8D25E3-3630-47D8-9B0E-6BBCBF36AEAC}.Debug|Any CPU.Build.0 = Debug|Any CPU
		{4E8D25E3-3630-47D8-9B0E-6BBCBF36AEAC}.Release|Any CPU.ActiveCfg = Release|Any CPU
		{4E8D25E3-3630-47D8-9B0E-6BBCBF36AEAC}.Release|Any CPU.Build.0 = Release|Any CPU
		{DF63097D-3355-4F95-A4AA-DFCB897A23F2}.Debug|Any CPU.ActiveCfg = Debug|Any CPU
		{DF63097D-3355-4F95-A4AA-DFCB897A23F2}.Debug|Any CPU.Build.0 = Debug|Any CPU
		{DF63097D-3355-4F95-A4AA-DFCB897A23F2}.Release|Any CPU.ActiveCfg = Release|Any CPU
		{DF63097D-3355-4F95-A4AA-DFCB897A23F2}.Release|Any CPU.Build.0 = Release|Any CPU
		{2ADE8087-9C8E-4475-954A-711806F9345B}.Debug|Any CPU.ActiveCfg = Debug|Any CPU
		{2ADE8087-9C8E-4475-954A-711806F9345B}.Debug|Any CPU.Build.0 = Debug|Any CPU
		{2ADE8087-9C8E-4475-954A-711806F9345B}.Release|Any CPU.ActiveCfg = Release|Any CPU
		{2ADE8087-9C8E-4475-954A-711806F9345B}.Release|Any CPU.Build.0 = Release|Any CPU
		{E70A886F-827E-463A-8A47-74F3C228070B}.Debug|Any CPU.ActiveCfg = Debug|Any CPU
		{E70A886F-827E-463A-8A47-74F3C228070B}.Debug|Any CPU.Build.0 = Debug|Any CPU
		{E70A886F-827E-463A-8A47-74F3C228070B}.Release|Any CPU.ActiveCfg = Release|Any CPU
		{E70A886F-827E-463A-8A47-74F3C228070B}.Release|Any CPU.Build.0 = Release|Any CPU
		{1F891D46-3E98-4EF1-876D-F01B524FA86E}.Debug|Any CPU.ActiveCfg = Debug|Any CPU
		{1F891D46-3E98-4EF1-876D-F01B524FA86E}.Debug|Any CPU.Build.0 = Debug|Any CPU
		{1F891D46-3E98-4EF1-876D-F01B524FA86E}.Release|Any CPU.ActiveCfg = Release|Any CPU
		{1F891D46-3E98-4EF1-876D-F01B524FA86E}.Release|Any CPU.Build.0 = Release|Any CPU
		{142CDD9E-2482-4572-9629-C8AB0630C081}.Debug|Any CPU.ActiveCfg = Debug|Any CPU
		{142CDD9E-2482-4572-9629-C8AB0630C081}.Debug|Any CPU.Build.0 = Debug|Any CPU
		{142CDD9E-2482-4572-9629-C8AB0630C081}.Release|Any CPU.ActiveCfg = Release|Any CPU
		{142CDD9E-2482-4572-9629-C8AB0630C081}.Release|Any CPU.Build.0 = Release|Any CPU
	EndGlobalSection
	GlobalSection(SolutionProperties) = preSolution
		HideSolutionNode = FALSE
	EndGlobalSection
	GlobalSection(NestedProjects) = preSolution
		{261D94A8-DD8F-472F-B86C-7CB3A9BFB66E} = {845713DA-C21A-4F2C-BD64-13CA67D94506}
		{845713DA-C21A-4F2C-BD64-13CA67D94506} = {5A341A34-B7D1-4ECA-BAD5-C6414C769665}
		{C3CD8A2B-0E5E-43FC-85C3-EDCA2F728C68} = {C6CCB085-C084-45A7-8F26-9D29D5DD2ABD}
		{5A341A34-B7D1-4ECA-BAD5-C6414C769665} = {C6CCB085-C084-45A7-8F26-9D29D5DD2ABD}
		{448C939E-BE62-4CD1-92AA-7D08227DB9EB} = {C6CCB085-C084-45A7-8F26-9D29D5DD2ABD}
		{81E56427-A7D8-48A9-9DF5-30A5A05BBAB4} = {5A341A34-B7D1-4ECA-BAD5-C6414C769665}
		{372D6595-0C80-40AC-BBD3-F8EEED57082E} = {5A341A34-B7D1-4ECA-BAD5-C6414C769665}
		{709EACCA-FE47-4ADC-98A1-B7698A370D4D} = {5A341A34-B7D1-4ECA-BAD5-C6414C769665}
		{A3961F8C-858A-40E5-AD4D-218E1964AC74} = {709EACCA-FE47-4ADC-98A1-B7698A370D4D}
		{4E8D25E3-3630-47D8-9B0E-6BBCBF36AEAC} = {81E56427-A7D8-48A9-9DF5-30A5A05BBAB4}
		{DF63097D-3355-4F95-A4AA-DFCB897A23F2} = {372D6595-0C80-40AC-BBD3-F8EEED57082E}
		{2ADE8087-9C8E-4475-954A-711806F9345B} = {372D6595-0C80-40AC-BBD3-F8EEED57082E}
		{E70A886F-827E-463A-8A47-74F3C228070B} = {372D6595-0C80-40AC-BBD3-F8EEED57082E}
		{1F891D46-3E98-4EF1-876D-F01B524FA86E} = {372D6595-0C80-40AC-BBD3-F8EEED57082E}
		{142CDD9E-2482-4572-9629-C8AB0630C081} = {C3CD8A2B-0E5E-43FC-85C3-EDCA2F728C68}
	EndGlobalSection
	GlobalSection(ExtensibilityGlobals) = postSolution
		SolutionGuid = {02863F12-1709-4368-BCFB-050496E31D69}
	EndGlobalSection
EndGlobal
